
Microsoft Visual Studio Solution File, Format Version 12.00
# Visual Studio Version 17
VisualStudioVersion = 17.14.37301.10 d17.14
MinimumVisualStudioVersion = 10.0.40219.1
Project("{FAE04EC0-301F-11D3-BF4B-00C04F79EFBC}") = "DungeonTextAdventure", "DungeonTextAdventure.csproj", "{BB2E65EC-EAE0-47EF-A7E7-D693ED255FA6}"
EndProject
Global
	GlobalSection(SolutionConfigurationPlatforms) = preSolution
		Debug|Any CPU = Debug|Any CPU
		Release|Any CPU = Release|Any CPU
	EndGlobalSection
	GlobalSection(ProjectConfigurationPlatforms) = postSolution
		{BB2E65EC-EAE0-47EF-A7E7-D693ED255FA6}.Debug|Any CPU.ActiveCfg = Debug|Any CPU
		{BB2E65EC-EAE0-47EF-A7E7-D693ED255FA6}.Debug|Any CPU.Build.0 = Debug|Any CPU
		{BB2E65EC-EAE0-47EF-A7E7-D693ED255FA6}.Release|Any CPU.ActiveCfg = Release|Any CPU
		{BB2E65EC-EAE0-47EF-A7E7-D693ED255FA6}.Release|Any CPU.Build.0 = Release|Any CPU
	EndGlobalSection
	GlobalSection(SolutionProperties) = preSolution
		HideSolutionNode = FALSE
	EndGlobalSection
	GlobalSection(ExtensibilityGlobals) = postSolution
		SolutionGuid = {889BD6E2-4B38-4501-A3B9-4E27D59207CB}
	EndGlobalSection
EndGlobal
